
Microsoft Visual Studio Solution File, Format Version 12.00
# Visual Studio Version 17
VisualStudioVersion = 17.1.32210.238
MinimumVisualStudioVersion = 10.0.40219.1
Project("{FAE04EC0-301F-11D3-BF4B-00C04F79EFBC}") = "Leah's Platinum Tracker", "Leah's Platinum Tracker.csproj", "{A057A1B9-B71B-4E16-AA3C-2AF76F36C709}"
EndProject
Global
	GlobalSection(SolutionConfigurationPlatforms) = preSolution
		Debug|Any CPU = Debug|Any CPU
		Release|Any CPU = Release|Any CPU
	EndGlobalSection
	GlobalSection(ProjectConfigurationPlatforms) = postSolution
		{A057A1B9-B71B-4E16-AA3C-2AF76F36C709}.Debug|Any CPU.ActiveCfg = Debug|Any CPU
		{A057A1B9-B71B-4E16-AA3C-2AF76F36C709}.Debug|Any CPU.Build.0 = Debug|Any CPU
		{A057A1B9-B71B-4E16-AA3C-2AF76F36C709}.Release|Any CPU.ActiveCfg = Release|Any CPU
		{A057A1B9-B71B-4E16-AA3C-2AF76F36C709}.Release|Any CPU.Build.0 = Release|Any CPU
	EndGlobalSection
	GlobalSection(SolutionProperties) = preSolution
		HideSolutionNode = FALSE
	EndGlobalSection
	GlobalSection(ExtensibilityGlobals) = postSolution
		SolutionGuid = {647E46E8-6456-4EC0-A63B-77DE54D13481}
	EndGlobalSection
EndGlobal
